// !$*UTF8*$!
{
	archiveVersion = 1;
	classes = {
	};
	objectVersion = 55;
	objects = {

/* Begin PBXBuildFile section */
		BDB6421328C5E1AD009B94C3 /* UIColor-Extension.swift in Sources */ = {isa = PBXBuildFile; fileRef = BDB6421228C5E1AD009B94C3 /* UIColor-Extension.swift */; };
		BDB6421528C5E49A009B94C3 /* ChatRoom.storyboard in Resources */ = {isa = PBXBuildFile; fileRef = BDB6421428C5E49A009B94C3 /* ChatRoom.storyboard */; };
		BDB6421728C5E517009B94C3 /* ChatRoomViewController.swift in Sources */ = {isa = PBXBuildFile; fileRef = BDB6421628C5E517009B94C3 /* ChatRoomViewController.swift */; };
		BDB6421928C5E8CE009B94C3 /* ChatRoomTableViewCell.xib in Resources */ = {isa = PBXBuildFile; fileRef = BDB6421828C5E8CE009B94C3 /* ChatRoomTableViewCell.xib */; };
		BDB6421B28C5EA65009B94C3 /* ChatRoomTableViewCell.swift in Sources */ = {isa = PBXBuildFile; fileRef = BDB6421A28C5EA65009B94C3 /* ChatRoomTableViewCell.swift */; };
		BDB6422028C60E3E009B94C3 /* ChatInputAccessoryView.xib in Resources */ = {isa = PBXBuildFile; fileRef = BDB6421F28C60E3E009B94C3 /* ChatInputAccessoryView.xib */; };
		BDB6422228C60FE8009B94C3 /* ChatInputAccessoryView.swift in Sources */ = {isa = PBXBuildFile; fileRef = BDB6422128C60FE8009B94C3 /* ChatInputAccessoryView.swift */; };
		BDCCF7A728C73CF300975C9A /* MainTabBarController.swift in Sources */ = {isa = PBXBuildFile; fileRef = BDCCF7A628C73CF300975C9A /* MainTabBarController.swift */; };
		BDD5562328C46C0F005228C8 /* AppDelegate.swift in Sources */ = {isa = PBXBuildFile; fileRef = BDD5562228C46C0F005228C8 /* AppDelegate.swift */; };
		BDD5562528C46C0F005228C8 /* SceneDelegate.swift in Sources */ = {isa = PBXBuildFile; fileRef = BDD5562428C46C0F005228C8 /* SceneDelegate.swift */; };
		BDD5562C28C46C10005228C8 /* Assets.xcassets in Resources */ = {isa = PBXBuildFile; fileRef = BDD5562B28C46C10005228C8 /* Assets.xcassets */; };
		BDD5562F28C46C10005228C8 /* LaunchScreen.storyboard in Resources */ = {isa = PBXBuildFile; fileRef = BDD5562D28C46C10005228C8 /* LaunchScreen.storyboard */; };
		BDD5563728C46D22005228C8 /* ChatList.storyboard in Resources */ = {isa = PBXBuildFile; fileRef = BDD5563628C46D22005228C8 /* ChatList.storyboard */; };
		BDD5563928C48421005228C8 /* ChatListViewController.swift in Sources */ = {isa = PBXBuildFile; fileRef = BDD5563828C48421005228C8 /* ChatListViewController.swift */; };
/* End PBXBuildFile section */

/* Begin PBXFileReference section */
		BDB6421228C5E1AD009B94C3 /* UIColor-Extension.swift */ = {isa = PBXFileReference; lastKnownFileType = sourcecode.swift; path = "UIColor-Extension.swift"; sourceTree = "<group>"; };
		BDB6421428C5E49A009B94C3 /* ChatRoom.storyboard */ = {isa = PBXFileReference; lastKnownFileType = file.storyboard; path = ChatRoom.storyboard; sourceTree = "<group>"; };
		BDB6421628C5E517009B94C3 /* ChatRoomViewController.swift */ = {isa = PBXFileReference; lastKnownFileType = sourcecode.swift; path = ChatRoomViewController.swift; sourceTree = "<group>"; };
		BDB6421828C5E8CE009B94C3 /* ChatRoomTableViewCell.xib */ = {isa = PBXFileReference; lastKnownFileType = file.xib; path = ChatRoomTableViewCell.xib; sourceTree = "<group>"; };
		BDB6421A28C5EA65009B94C3 /* ChatRoomTableViewCell.swift */ = {isa = PBXFileReference; lastKnownFileType = sourcecode.swift; path = ChatRoomTableViewCell.swift; sourceTree = "<group>"; };
		BDB6421F28C60E3E009B94C3 /* ChatInputAccessoryView.xib */ = {isa = PBXFileReference; lastKnownFileType = file.xib; path = ChatInputAccessoryView.xib; sourceTree = "<group>"; };
		BDB6422128C60FE8009B94C3 /* ChatInputAccessoryView.swift */ = {isa = PBXFileReference; lastKnownFileType = sourcecode.swift; path = ChatInputAccessoryView.swift; sourceTree = "<group>"; };
		BDCCF7A628C73CF300975C9A /* MainTabBarController.swift */ = {isa = PBXFileReference; lastKnownFileType = sourcecode.swift; path = MainTabBarController.swift; sourceTree = "<group>"; };
		BDD5561F28C46C0F005228C8 /* App.app */ = {isa = PBXFileReference; explicitFileType = wrapper.application; includeInIndex = 0; path = App.app; sourceTree = BUILT_PRODUCTS_DIR; };
		BDD5562228C46C0F005228C8 /* AppDelegate.swift */ = {isa = PBXFileReference; lastKnownFileType = sourcecode.swift; path = AppDelegate.swift; sourceTree = "<group>"; };
		BDD5562428C46C0F005228C8 /* SceneDelegate.swift */ = {isa = PBXFileReference; lastKnownFileType = sourcecode.swift; path = SceneDelegate.swift; sourceTree = "<group>"; };
		BDD5562B28C46C10005228C8 /* Assets.xcassets */ = {isa = PBXFileReference; lastKnownFileType = folder.assetcatalog; path = Assets.xcassets; sourceTree = "<group>"; };
		BDD5562E28C46C10005228C8 /* Base */ = {isa = PBXFileReference; lastKnownFileType = file.storyboard; name = Base; path = Base.lproj/LaunchScreen.storyboard; sourceTree = "<group>"; };
		BDD5563028C46C10005228C8 /* Info.plist */ = {isa = PBXFileReference; lastKnownFileType = text.plist.xml; path = Info.plist; sourceTree = "<group>"; };
		BDD5563628C46D22005228C8 /* ChatList.storyboard */ = {isa = PBXFileReference; lastKnownFileType = file.storyboard; path = ChatList.storyboard; sourceTree = "<group>"; };
		BDD5563828C48421005228C8 /* ChatListViewController.swift */ = {isa = PBXFileReference; lastKnownFileType = sourcecode.swift; path = ChatListViewController.swift; sourceTree = "<group>"; };
/* End PBXFileReference section */

/* Begin PBXFrameworksBuildPhase section */
		BDD5561C28C46C0F005228C8 /* Frameworks */ = {
			isa = PBXFrameworksBuildPhase;
			buildActionMask = 2147483647;
			files = (
			);
			runOnlyForDeploymentPostprocessing = 0;
		};
/* End PBXFrameworksBuildPhase section */

/* Begin PBXGroup section */
		BDB6421028C5E0DB009B94C3 /* Controllers */ = {
			isa = PBXGroup;
			children = (
				BDD5563828C48421005228C8 /* ChatListViewController.swift */,
				BDB6421628C5E517009B94C3 /* ChatRoomViewController.swift */,
				BDCCF7A628C73CF300975C9A /* MainTabBarController.swift */,
			);
			path = Controllers;
			sourceTree = "<group>";
		};
		BDB6421128C5E0E8009B94C3 /* StoryBoards */ = {
			isa = PBXGroup;
			children = (
				BDD5563628C46D22005228C8 /* ChatList.storyboard */,
				BDB6421428C5E49A009B94C3 /* ChatRoom.storyboard */,
			);
			path = StoryBoards;
			sourceTree = "<group>";
		};
		BDB6421C28C60DBD009B94C3 /* Views */ = {
			isa = PBXGroup;
			children = (
				BDB6421A28C5EA65009B94C3 /* ChatRoomTableViewCell.swift */,
				BDB6422128C60FE8009B94C3 /* ChatInputAccessoryView.swift */,
			);
			path = Views;
			sourceTree = "<group>";
		};
		BDB6421D28C60DCC009B94C3 /* xlibs */ = {
			isa = PBXGroup;
			children = (
				BDB6421828C5E8CE009B94C3 /* ChatRoomTableViewCell.xib */,
				BDB6421F28C60E3E009B94C3 /* ChatInputAccessoryView.xib */,
			);
			path = xlibs;
			sourceTree = "<group>";
		};
		BDB6421E28C60DD3009B94C3 /* Extensions */ = {
			isa = PBXGroup;
			children = (
				BDB6421228C5E1AD009B94C3 /* UIColor-Extension.swift */,
			);
			path = Extensions;
			sourceTree = "<group>";
		};
		BDD5561628C46C0F005228C8 = {
			isa = PBXGroup;
			children = (
				BDD5562128C46C0F005228C8 /* App */,
				BDD5562028C46C0F005228C8 /* Products */,
			);
			sourceTree = "<group>";
		};
		BDD5562028C46C0F005228C8 /* Products */ = {
			isa = PBXGroup;
			children = (
				BDD5561F28C46C0F005228C8 /* App.app */,
			);
			name = Products;
			sourceTree = "<group>";
		};
		BDD5562128C46C0F005228C8 /* App */ = {
			isa = PBXGroup;
			children = (
				BDB6421E28C60DD3009B94C3 /* Extensions */,
				BDB6421C28C60DBD009B94C3 /* Views */,
				BDB6421D28C60DCC009B94C3 /* xlibs */,
				BDB6421028C5E0DB009B94C3 /* Controllers */,
				BDB6421128C5E0E8009B94C3 /* StoryBoards */,
				BDD5562428C46C0F005228C8 /* SceneDelegate.swift */,
				BDD5562228C46C0F005228C8 /* AppDelegate.swift */,
				BDD5562B28C46C10005228C8 /* Assets.xcassets */,
				BDD5562D28C46C10005228C8 /* LaunchScreen.storyboard */,
				BDD5563028C46C10005228C8 /* Info.plist */,
			);
			path = App;
			sourceTree = "<group>";
		};
/* End PBXGroup section */

/* Begin PBXNativeTarget section */
		BDD5561E28C46C0F005228C8 /* App */ = {
			isa = PBXNativeTarget;
			buildConfigurationList = BDD5563328C46C10005228C8 /* Build configuration list for PBXNativeTarget "App" */;
			buildPhases = (
				BDD5561B28C46C0F005228C8 /* Sources */,
				BDD5561C28C46C0F005228C8 /* Frameworks */,
				BDD5561D28C46C0F005228C8 /* Resources */,
			);
			buildRules = (
			);
			dependencies = (
			);
			name = App;
			productName = App;
			productReference = BDD5561F28C46C0F005228C8 /* App.app */;
			productType = "com.apple.product-type.application";
		};
/* End PBXNativeTarget section */

/* Begin PBXProject section */
		BDD5561728C46C0F005228C8 /* Project object */ = {
			isa = PBXProject;
			attributes = {
				BuildIndependentTargetsInParallel = 1;
				LastSwiftUpdateCheck = 1340;
				LastUpgradeCheck = 1340;
				TargetAttributes = {
					BDD5561E28C46C0F005228C8 = {
						CreatedOnToolsVersion = 13.4;
					};
				};
			};
			buildConfigurationList = BDD5561A28C46C0F005228C8 /* Build configuration list for PBXProject "App" */;
			compatibilityVersion = "Xcode 13.0";
			developmentRegion = en;
			hasScannedForEncodings = 0;
			knownRegions = (
				en,
				Base,
			);
			mainGroup = BDD5561628C46C0F005228C8;
			productRefGroup = BDD5562028C46C0F005228C8 /* Products */;
			projectDirPath = "";
			projectRoot = "";
			targets = (
				BDD5561E28C46C0F005228C8 /* App */,
			);
		};
/* End PBXProject section */

/* Begin PBXResourcesBuildPhase section */
		BDD5561D28C46C0F005228C8 /* Resources */ = {
			isa = PBXResourcesBuildPhase;
			buildActionMask = 2147483647;
			files = (
				BDB6421928C5E8CE009B94C3 /* ChatRoomTableViewCell.xib in Resources */,
				BDD5562F28C46C10005228C8 /* LaunchScreen.storyboard in Resources */,
				BDD5562C28C46C10005228C8 /* Assets.xcassets in Resources */,
				BDD5563728C46D22005228C8 /* ChatList.storyboard in Resources */,
				BDB6422028C60E3E009B94C3 /* ChatInputAccessoryView.xib in Resources */,
				BDB6421528C5E49A009B94C3 /* ChatRoom.storyboard in Resources */,
			);
			runOnlyForDeploymentPostprocessing = 0;
		};
/* End PBXResourcesBuildPhase section */

/* Begin PBXSourcesBuildPhase section */
		BDD5561B28C46C0F005228C8 /* Sources */ = {
			isa = PBXSourcesBuildPhase;
			buildActionMask = 2147483647;
			files = (
				BDD5562328C46C0F005228C8 /* AppDelegate.swift in Sources */,
				BDB6422228C60FE8009B94C3 /* ChatInputAccessoryView.swift in Sources */,
				BDCCF7A728C73CF300975C9A /* MainTabBarController.swift in Sources */,
				BDB6421328C5E1AD009B94C3 /* UIColor-Extension.swift in Sources */,
				BDB6421728C5E517009B94C3 /* ChatRoomViewController.swift in Sources */,
				BDD5563928C48421005228C8 /* ChatListViewController.swift in Sources */,
				BDB6421B28C5EA65009B94C3 /* ChatRoomTableViewCell.swift in Sources */,
				BDD5562528C46C0F005228C8 /* SceneDelegate.swift in Sources */,
			);
			runOnlyForDeploymentPostprocessing = 0;
		};
/* End PBXSourcesBuildPhase section */

/* Begin PBXVariantGroup section */
		BDD5562D28C46C10005228C8 /* LaunchScreen.storyboard */ = {
			isa = PBXVariantGroup;
			children = (
				BDD5562E28C46C10005228C8 /* Base */,
			);
			name = LaunchScreen.storyboard;
			sourceTree = "<group>";
		};
/* End PBXVariantGroup section */

/* Begin XCBuildConfiguration section */
		BDD5563128C46C10005228C8 /* Debug */ = {
			isa = XCBuildConfiguration;
			buildSettings = {
				ALWAYS_SEARCH_USER_PATHS = NO;
				CLANG_ANALYZER_NONNULL = YES;
				CLANG_ANALYZER_NUMBER_OBJECT_CONVERSION = YES_AGGRESSIVE;
				CLANG_CXX_LANGUAGE_STANDARD = "gnu++17";
				CLANG_ENABLE_MODULES = YES;
				CLANG_ENABLE_OBJC_ARC = YES;
				CLANG_ENABLE_OBJC_WEAK = YES;
				CLANG_WARN_BLOCK_CAPTURE_AUTORELEASING = YES;
				CLANG_WARN_BOOL_CONVERSION = YES;
				CLANG_WARN_COMMA = YES;
				CLANG_WARN_CONSTANT_CONVERSION = YES;
				CLANG_WARN_DEPRECATED_OBJC_IMPLEMENTATIONS = YES;
				CLANG_WARN_DIRECT_OBJC_ISA_USAGE = YES_ERROR;
				CLANG_WARN_DOCUMENTATION_COMMENTS = YES;
				CLANG_WARN_EMPTY_BODY = YES;
				CLANG_WARN_ENUM_CONVERSION = YES;
				CLANG_WARN_INFINITE_RECURSION = YES;
				CLANG_WARN_INT_CONVERSION = YES;
				CLANG_WARN_NON_LITERAL_NULL_CONVERSION = YES;
				CLANG_WARN_OBJC_IMPLICIT_RETAIN_SELF = YES;
				CLANG_WARN_OBJC_LITERAL_CONVERSION = YES;
				CLANG_WARN_OBJC_ROOT_CLASS = YES_ERROR;
				CLANG_WARN_QUOTED_INCLUDE_IN_FRAMEWORK_HEADER = YES;
				CLANG_WARN_RANGE_LOOP_ANALYSIS = YES;
				CLANG_WARN_STRICT_PROTOTYPES = YES;
				CLANG_WARN_SUSPICIOUS_MOVE = YES;
				CLANG_WARN_UNGUARDED_AVAILABILITY = YES_AGGRESSIVE;
				CLANG_WARN_UNREACHABLE_CODE = YES;
				CLANG_WARN__DUPLICATE_METHOD_MATCH = YES;
				COPY_PHASE_STRIP = NO;
				DEBUG_INFORMATION_FORMAT = dwarf;
				ENABLE_STRICT_OBJC_MSGSEND = YES;
				ENABLE_TESTABILITY = YES;
				GCC_C_LANGUAGE_STANDARD = gnu11;
				GCC_DYNAMIC_NO_PIC = NO;
				GCC_NO_COMMON_BLOCKS = YES;
				GCC_OPTIMIZATION_LEVEL = 0;
				GCC_PREPROCESSOR_DEFINITIONS = (
					"DEBUG=1",
					"$(inherited)",
				);
				GCC_WARN_64_TO_32_BIT_CONVERSION = YES;
				GCC_WARN_ABOUT_RETURN_TYPE = YES_ERROR;
				GCC_WARN_UNDECLARED_SELECTOR = YES;
				GCC_WARN_UNINITIALIZED_AUTOS = YES_AGGRESSIVE;
				GCC_WARN_UNUSED_FUNCTION = YES;
				GCC_WARN_UNUSED_VARIABLE = YES;
				IPHONEOS_DEPLOYMENT_TARGET = 15.5;
				MTL_ENABLE_DEBUG_INFO = INCLUDE_SOURCE;
				MTL_FAST_MATH = YES;
				ONLY_ACTIVE_ARCH = YES;
				SDKROOT = iphoneos;
				SWIFT_ACTIVE_COMPILATION_CONDITIONS = DEBUG;
				SWIFT_OPTIMIZATION_LEVEL = "-Onone";
			};
			name = Debug;
		};
		BDD5563228C46C10005228C8 /* Release */ = {
			isa = XCBuildConfiguration;
			buildSettings = {
				ALWAYS_SEARCH_USER_PATHS = NO;
				CLANG_ANALYZER_NONNULL = YES;
				CLANG_ANALYZER_NUMBER_OBJECT_CONVERSION = YES_AGGRESSIVE;
				CLANG_CXX_LANGUAGE_STANDARD = "gnu++17";
				CLANG_ENABLE_MODULES = YES;
				CLANG_ENABLE_OBJC_ARC = YES;
				CLANG_ENABLE_OBJC_WEAK = YES;
				CLANG_WARN_BLOCK_CAPTURE_AUTORELEASING = YES;
				CLANG_WARN_BOOL_CONVERSION = YES;
				CLANG_WARN_COMMA = YES;
				CLANG_WARN_CONSTANT_CONVERSION = YES;
				CLANG_WARN_DEPRECATED_OBJC_IMPLEMENTATIONS = YES;
				CLANG_WARN_DIRECT_OBJC_ISA_USAGE = YES_ERROR;
				CLANG_WARN_DOCUMENTATION_COMMENTS = YES;
				CLANG_WARN_EMPTY_BODY = YES;
				CLANG_WARN_ENUM_CONVERSION = YES;
				CLANG_WARN_INFINITE_RECURSION = YES;
				CLANG_WARN_INT_CONVERSION = YES;
				CLANG_WARN_NON_LITERAL_NULL_CONVERSION = YES;
				CLANG_WARN_OBJC_IMPLICIT_RETAIN_SELF = YES;
				CLANG_WARN_OBJC_LITERAL_CONVERSION = YES;
				CLANG_WARN_OBJC_ROOT_CLASS = YES_ERROR;
				CLANG_WARN_QUOTED_INCLUDE_IN_FRAMEWORK_HEADER = YES;
				CLANG_WARN_RANGE_LOOP_ANALYSIS = YES;
				CLANG_WARN_STRICT_PROTOTYPES = YES;
				CLANG_WARN_SUSPICIOUS_MOVE = YES;
				CLANG_WARN_UNGUARDED_AVAILABILITY = YES_AGGRESSIVE;
				CLANG_WARN_UNREACHABLE_CODE = YES;
				CLANG_WARN__DUPLICATE_METHOD_MATCH = YES;
				COPY_PHASE_STRIP = NO;
				DEBUG_INFORMATION_FORMAT = "dwarf-with-dsym";
				ENABLE_NS_ASSERTIONS = NO;
				ENABLE_STRICT_OBJC_MSGSEND = YES;
				GCC_C_LANGUAGE_STANDARD = gnu11;
				GCC_NO_COMMON_BLOCKS = YES;
				GCC_WARN_64_TO_32_BIT_CONVERSION = YES;
				GCC_WARN_ABOUT_RETURN_TYPE = YES_ERROR;
				GCC_WARN_UNDECLARED_SELECTOR = YES;
				GCC_WARN_UNINITIALIZED_AUTOS = YES_AGGRESSIVE;
				GCC_WARN_UNUSED_FUNCTION = YES;
				GCC_WARN_UNUSED_VARIABLE = YES;
				IPHONEOS_DEPLOYMENT_TARGET = 15.5;
				MTL_ENABLE_DEBUG_INFO = NO;
				MTL_FAST_MATH = YES;
				SDKROOT = iphoneos;
				SWIFT_COMPILATION_MODE = wholemodule;
				SWIFT_OPTIMIZATION_LEVEL = "-O";
				VALIDATE_PRODUCT = YES;
			};
			name = Release;
		};
		BDD5563428C46C10005228C8 /* Debug */ = {
			isa = XCBuildConfiguration;
			buildSettings = {
				ASSETCATALOG_COMPILER_APPICON_NAME = AppIcon;
				ASSETCATALOG_COMPILER_GLOBAL_ACCENT_COLOR_NAME = AccentColor;
				CODE_SIGN_STYLE = Automatic;
				CURRENT_PROJECT_VERSION = 1;
				GENERATE_INFOPLIST_FILE = YES;
				INFOPLIST_FILE = App/Info.plist;
				INFOPLIST_KEY_UIApplicationSupportsIndirectInputEvents = YES;
				INFOPLIST_KEY_UILaunchStoryboardName = LaunchScreen;
				INFOPLIST_KEY_UISupportedInterfaceOrientations_iPad = "UIInterfaceOrientationPortrait UIInterfaceOrientationPortraitUpsideDown UIInterfaceOrientationLandscapeLeft UIInterfaceOrientationLandscapeRight";
				INFOPLIST_KEY_UISupportedInterfaceOrientations_iPhone = "UIInterfaceOrientationPortrait UIInterfaceOrientationLandscapeLeft UIInterfaceOrientationLandscapeRight";
				LD_RUNPATH_SEARCH_PATHS = (
					"$(inherited)",
					"@executable_path/Frameworks",
				);
				MARKETING_VERSION = 1.0;
				PRODUCT_BUNDLE_IDENTIFIER = com.daimu.App;
				PRODUCT_NAME = "$(TARGET_NAME)";
				SWIFT_EMIT_LOC_STRINGS = YES;
				SWIFT_VERSION = 5.0;
				TARGETED_DEVICE_FAMILY = "1,2";
			};
			name = Debug;
		};
		BDD5563528C46C10005228C8 /* Release */ = {
			isa = XCBuildConfiguration;
			buildSettings = {
				ASSETCATALOG_COMPILER_APPICON_NAME = AppIcon;
				ASSETCATALOG_COMPILER_GLOBAL_ACCENT_COLOR_NAME = AccentColor;
				CODE_SIGN_STYLE = Automatic;
				CURRENT_PROJECT_VERSION = 1;
				GENERATE_INFOPLIST_FILE = YES;
				INFOPLIST_FILE = App/Info.plist;
				INFOPLIST_KEY_UIApplicationSupportsIndirectInputEvents = YES;
				INFOPLIST_KEY_UILaunchStoryboardName = LaunchScreen;
				INFOPLIST_KEY_UISupportedInterfaceOrientations_iPad = "UIInterfaceOrientationPortrait UIInterfaceOrientationPortraitUpsideDown UIInterfaceOrientationLandscapeLeft UIInterfaceOrientationLandscapeRight";
				INFOPLIST_KEY_UISupportedInterfaceOrientations_iPhone = "UIInterfaceOrientationPortrait UIInterfaceOrientationLandscapeLeft UIInterfaceOrientationLandscapeRight";
				LD_RUNPATH_SEARCH_PATHS = (
					"$(inherited)",
					"@executable_path/Frameworks",
				);
				MARKETING_VERSION = 1.0;
				PRODUCT_BUNDLE_IDENTIFIER = com.daimu.App;
				PRODUCT_NAME = "$(TARGET_NAME)";
				SWIFT_EMIT_LOC_STRINGS = YES;
				SWIFT_VERSION = 5.0;
				TARGETED_DEVICE_FAMILY = "1,2";
			};
			name = Release;
		};
/* End XCBuildConfiguration section */

/* Begin XCConfigurationList section */
		BDD5561A28C46C0F005228C8 /* Build configuration list for PBXProject "App" */ = {
			isa = XCConfigurationList;
			buildConfigurations = (
				BDD5563128C46C10005228C8 /* Debug */,
				BDD5563228C46C10005228C8 /* Release */,
			);
			defaultConfigurationIsVisible = 0;
			defaultConfigurationName = Release;
		};
		BDD5563328C46C10005228C8 /* Build configuration list for PBXNativeTarget "App" */ = {
			isa = XCConfigurationList;
			buildConfigurations = (
				BDD5563428C46C10005228C8 /* Debug */,
				BDD5563528C46C10005228C8 /* Release */,
			);
			defaultConfigurationIsVisible = 0;
			defaultConfigurationName = Release;
		};
/* End XCConfigurationList section */
	};
	rootObject = BDD5561728C46C0F005228C8 /* Project object */;
}
